
Microsoft Visual Studio Solution File, Format Version 12.00
# Visual Studio Express 2012 for Windows Desktop
Project("{FAE04EC0-301F-11D3-BF4B-00C04F79EFBC}") = "Problem 3 - Prime Factorization", "Problem 3 - Prime Factorization\Problem 3 - Prime Factorization.csproj", "{33D89382-FBE9-40B0-AAC0-2EB52518F950}"
EndProject
Global
	GlobalSection(SolutionConfigurationPlatforms) = preSolution
		Debug|Any CPU = Debug|Any CPU
		Release|Any CPU = Release|Any CPU
	EndGlobalSection
	GlobalSection(ProjectConfigurationPlatforms) = postSolution
		{33D89382-FBE9-40B0-AAC0-2EB52518F950}.Debug|Any CPU.ActiveCfg = Debug|Any CPU
		{33D89382-FBE9-40B0-AAC0-2EB52518F950}.Debug|Any CPU.Build.0 = Debug|Any CPU
		{33D89382-FBE9-40B0-AAC0-2EB52518F950}.Release|Any CPU.ActiveCfg = Release|Any CPU
		{33D89382-FBE9-40B0-AAC0-2EB52518F950}.Release|Any CPU.Build.0 = Release|Any CPU
	EndGlobalSection
	GlobalSection(SolutionProperties) = preSolution
		HideSolutionNode = FALSE
	EndGlobalSection
EndGlobal
